<?xml version="1.0" encoding="utf-8"?>
<Project ToolsVersion="4.0" xmlns="http://schemas.microsoft.com/developer/msbuild/2003">
  <ItemGroup>
    <Filter Include="Source Files">
      <UniqueIdentifier>{4FC737F1-C7A5-4376-A066-2A32D752A2FF}</UniqueIdentifier>
      <Extensions>cpp;c;cc;cxx;def;odl;idl;hpj;bat;asm;asmx</Extensions>
    </Filter>
    <Filter Include="Source Files\muMatrix">
      <UniqueIdentifier>{d30e11b2-7b04-4b81-a70b-642cb076db3f}</UniqueIdentifier>
    </Filter>
    <Filter Include="Header Files">
      <UniqueIdentifier>{93995380-89BD-4b04-88EB-625FBE52EBFB}</UniqueIdentifier>
      <Extensions>h;hpp;hxx;hm;inl;inc;xsd</Extensions>
    </Filter>
    <Filter Include="Resource Files">
      <UniqueIdentifier>{67DA6AB6-F800-4c08-8B7A-83BB121AAD01}</UniqueIdentifier>
      <Extensions>rc;ico;cur;bmp;dlg;rc2;rct;bin;rgs;gif;jpg;jpeg;jpe;resx;tiff;tif;png;wav</Extensions>
    </Filter>
  </ItemGroup>
  <ItemGroup>
    <ClCompile Include="mpError.cpp">
      <Filter>Source Files</Filter>
    </ClCompile>
    <ClCompile Include="mpIToken.cpp">
      <Filter>Source Files</Filter>
    </ClCompile>
    <ClCompile Include="mpIValue.cpp">
      <Filter>Source Files</Filter>
    </ClCompile>
    <ClCompile Include="mpValue.cpp">
      <Filter>Source Files</Filter>
    </ClCompile>
    <ClCompile Include="mpValueCache.cpp">
      <Filter>Source Files</Filter>
    </ClCompile>
    <ClCompile Include="mpVariable.cpp">
      <Filter>Source Files</Filter>
    </ClCompile>
    <ClCompile Include="stdafx.cpp">
      <Filter>Source Files</Filter>
    </ClCompile>
    <ClCompile Include="value_test.cpp">
      <Filter>Source Files</Filter>
    </ClCompile>
    <ClCompile Include="muMatrixTest.cpp">
      <Filter>Source Files\muMatrix</Filter>
    </ClCompile>
  </ItemGroup>
  <ItemGroup>
    <ClInclude Include="mpError.h">
      <Filter>Source Files</Filter>
    </ClInclude>
    <ClInclude Include="mpIToken.h">
      <Filter>Source Files</Filter>
    </ClInclude>
    <ClInclude Include="mpIValReader.h">
      <Filter>Source Files</Filter>
    </ClInclude>
    <ClInclude Include="mpIValue.h">
      <Filter>Source Files</Filter>
    </ClInclude>
    <ClInclude Include="mpTypes.h">
      <Filter>Source Files</Filter>
    </ClInclude>
    <ClInclude Include="mpValue.h">
      <Filter>Source Files</Filter>
    </ClInclude>
    <ClInclude Include="mpVariable.h">
      <Filter>Source Files</Filter>
    </ClInclude>
    <ClInclude Include="muMatrix.h">
      <Filter>Source Files\muMatrix</Filter>
    </ClInclude>
    <ClInclude Include="..\parser\muMatrixError.h">
      <Filter>Source Files\muMatrix</Filter>
    </ClInclude>
    <ClInclude Include="muMatrixTest.h">
      <Filter>Source Files\muMatrix</Filter>
    </ClInclude>
    <ClInclude Include="resource.h">
      <Filter>Header Files</Filter>
    </ClInclude>
    <ClInclude Include="stdafx.h">
      <Filter>Header Files</Filter>
    </ClInclude>
  </ItemGroup>
  <ItemGroup>
    <None Include="app.ico">
      <Filter>Resource Files</Filter>
    </None>
    <None Include="ReadMe.txt" />
  </ItemGroup>
  <ItemGroup>
    <ResourceCompile Include="app.rc">
      <Filter>Resource Files</Filter>
    </ResourceCompile>
  </ItemGroup>
</Project>